
Microsoft Visual Studio Solution File, Format Version 12.00
# Visual Studio Version 16
VisualStudioVersion = 16.0.31424.327
MinimumVisualStudioVersion = 10.0.40219.1
Project("{FAE04EC0-301F-11D3-BF4B-00C04F79EFBC}") = "MeidoDataParser", "MeidoDataParser.csproj", "{5F43A871-9DEA-41E0-B934-47235AE672D0}"
EndProject
Global
	GlobalSection(SolutionConfigurationPlatforms) = preSolution
		Debug|Any CPU = Debug|Any CPU
		Release|Any CPU = Release|Any CPU
	EndGlobalSection
	GlobalSection(ProjectConfigurationPlatforms) = postSolution
		{5F43A871-9DEA-41E0-B934-47235AE672D0}.Debug|Any CPU.ActiveCfg = Debug|Any CPU
		{5F43A871-9DEA-41E0-B934-47235AE672D0}.Debug|Any CPU.Build.0 = Debug|Any CPU
		{5F43A871-9DEA-41E0-B934-47235AE672D0}.Release|Any CPU.ActiveCfg = Release|Any CPU
		{5F43A871-9DEA-41E0-B934-47235AE672D0}.Release|Any CPU.Build.0 = Release|Any CPU
	EndGlobalSection
	GlobalSection(SolutionProperties) = preSolution
		HideSolutionNode = FALSE
	EndGlobalSection
	GlobalSection(ExtensibilityGlobals) = postSolution
		SolutionGuid = {15759EAD-78B1-44D1-BBB6-7B9794D52600}
	EndGlobalSection
EndGlobal
